
Microsoft Visual Studio Solution File, Format Version 12.00
# Visual Studio Version 17
VisualStudioVersion = 17.9.34607.119
MinimumVisualStudioVersion = 10.0.40219.1
Project("{9A19103F-16F7-4668-BE54-9A1E7A4F7556}") = "FunctionApp", "FunctionApp.csproj", "{C3AEF09D-0E09-4CAB-9D2D-592FBCF5E572}"
EndProject
Project("{9A19103F-16F7-4668-BE54-9A1E7A4F7556}") = "UnitTests", "..\UnitTests\UnitTests.csproj", "{13B01A57-12F3-42D5-B283-12082476B810}"
EndProject
Global
	GlobalSection(SolutionConfigurationPlatforms) = preSolution
		Debug|Any CPU = Debug|Any CPU
		Release|Any CPU = Release|Any CPU
	EndGlobalSection
	GlobalSection(ProjectConfigurationPlatforms) = postSolution
		{C3AEF09D-0E09-4CAB-9D2D-592FBCF5E572}.Debug|Any CPU.ActiveCfg = Debug|Any CPU
		{C3AEF09D-0E09-4CAB-9D2D-592FBCF5E572}.Debug|Any CPU.Build.0 = Debug|Any CPU
		{C3AEF09D-0E09-4CAB-9D2D-592FBCF5E572}.Release|Any CPU.ActiveCfg = Release|Any CPU
		{C3AEF09D-0E09-4CAB-9D2D-592FBCF5E572}.Release|Any CPU.Build.0 = Release|Any CPU
		{13B01A57-12F3-42D5-B283-12082476B810}.Debug|Any CPU.ActiveCfg = Debug|Any CPU
		{13B01A57-12F3-42D5-B283-12082476B810}.Debug|Any CPU.Build.0 = Debug|Any CPU
		{13B01A57-12F3-42D5-B283-12082476B810}.Release|Any CPU.ActiveCfg = Release|Any CPU
		{13B01A57-12F3-42D5-B283-12082476B810}.Release|Any CPU.Build.0 = Release|Any CPU
	EndGlobalSection
	GlobalSection(SolutionProperties) = preSolution
		HideSolutionNode = FALSE
	EndGlobalSection
	GlobalSection(ExtensibilityGlobals) = postSolution
		SolutionGuid = {8F70E15B-A83D-489D-AE03-74C12B3090DC}
	EndGlobalSection
EndGlobal
